github.com/BooleanCat/go-functional/v2 v2.1.0 h1:fLHYz7KREI2/P9tbZ7oc5nktjsAl+Ucf4P2Ob8JJ4kA=
github.com/BooleanCat/go-functional/v2 v2.1.0/go.mod h1:IpUUAXAc9CiWDb+YDXkJyyUhtOVqDtyICDRg/de1IaQ=
github.com/GodsBoss/g/seq v1.1.1 h1:oZoNwNcZ7osmCwox2mKmO+AeMiwFMK0GTjBLcPQ5LQg=
github.com/GodsBoss/g/seq v1.1.1/go.mod h1:HRykBkMe7eHPMn02RLm4JPNy3mnl1uC6Nxec3kC3i54=
